
Microsoft Visual Studio Solution File, Format Version 12.00
# Visual Studio Version 16
VisualStudioVersion = 16.0.31729.503
MinimumVisualStudioVersion = 10.0.40219.1
Project("{FAE04EC0-301F-11D3-BF4B-00C04F79EFBC}") = "Construction", "Construction\Construction.csproj", "{24CABAA5-F45C-467B-A803-EB5AF047D57C}"
EndProject
Global
	GlobalSection(SolutionConfigurationPlatforms) = preSolution
		Debug|Any CPU = Debug|Any CPU
		Release|Any CPU = Release|Any CPU
	EndGlobalSection
	GlobalSection(ProjectConfigurationPlatforms) = postSolution
		{24CABAA5-F45C-467B-A803-EB5AF047D57C}.Debug|Any CPU.ActiveCfg = Debug|Any CPU
		{24CABAA5-F45C-467B-A803-EB5AF047D57C}.Debug|Any CPU.Build.0 = Debug|Any CPU
		{24CABAA5-F45C-467B-A803-EB5AF047D57C}.Release|Any CPU.ActiveCfg = Release|Any CPU
		{24CABAA5-F45C-467B-A803-EB5AF047D57C}.Release|Any CPU.Build.0 = Release|Any CPU
	EndGlobalSection
	GlobalSection(SolutionProperties) = preSolution
		HideSolutionNode = FALSE
	EndGlobalSection
	GlobalSection(ExtensibilityGlobals) = postSolution
		SolutionGuid = {7AAEF84A-6F04-475B-AA67-9DA42E68992F}
	EndGlobalSection
EndGlobal
